# THIS IS AN AUTOGENERATED FILE. DO NOT EDIT THIS FILE DIRECTLY.
# yarn lockfile v1


"@babel/parser@^7.23.0":
  version "7.23.3"
  resolved "https://registry.npmmirror.com/@babel/parser/-/parser-7.23.3.tgz"
  integrity sha512-uVsWNvlVsIninV2prNz/3lHCb+5CJ+e+IUBfbjToAHODtfGYLfCFuY4AU7TskI+dAKk+njsPiBjq1gKTvZOBaw==

"@jridgewell/sourcemap-codec@^1.4.15":
  version "1.4.15"
  resolved "https://registry.npmmirror.com/@jridgewell/sourcemap-codec/-/sourcemap-codec-1.4.15.tgz"
  integrity sha512-eF2rxCRulEKXHTRiDrDy6erMYWqNw4LPdQ8UQA4huuxaQsVeRPFl2oM8oDGxMFhJUWZf9McpLtJasDDZb/Bpeg==

"@vitejs/plugin-vue@^2.2.0":
  version "2.3.4"
  resolved "https://registry.npmmirror.com/@vitejs/plugin-vue/-/plugin-vue-2.3.4.tgz"
  integrity sha512-IfFNbtkbIm36O9KB8QodlwwYvTEsJb4Lll4c2IwB3VHc2gie2mSPtSzL0eYay7X2jd/2WX02FjSGTWR6OPr/zg==

"@vue/compiler-core@3.3.8":
  version "3.3.8"
  resolved "https://registry.npmmirror.com/@vue/compiler-core/-/compiler-core-3.3.8.tgz"
  integrity sha512-hN/NNBUECw8SusQvDSqqcVv6gWq8L6iAktUR0UF3vGu2OhzRqcOiAno0FmBJWwxhYEXRlQJT5XnoKsVq1WZx4g==
  dependencies:
    "@babel/parser" "^7.23.0"
    "@vue/shared" "3.3.8"
    estree-walker "^2.0.2"
    source-map-js "^1.0.2"

"@vue/compiler-dom@3.3.8":
  version "3.3.8"
  resolved "https://registry.npmmirror.com/@vue/compiler-dom/-/compiler-dom-3.3.8.tgz"
  integrity sha512-+PPtv+p/nWDd0AvJu3w8HS0RIm/C6VGBIRe24b9hSyNWOAPEUosFZ5diwawwP8ip5sJ8n0Pe87TNNNHnvjs0FQ==
  dependencies:
    "@vue/compiler-core" "3.3.8"
    "@vue/shared" "3.3.8"

"@vue/compiler-sfc@3.3.8":
  version "3.3.8"
  resolved "https://registry.npmmirror.com/@vue/compiler-sfc/-/compiler-sfc-3.3.8.tgz"
  integrity sha512-WMzbUrlTjfYF8joyT84HfwwXo+8WPALuPxhy+BZ6R4Aafls+jDBnSz8PDz60uFhuqFbl3HxRfxvDzrUf3THwpA==
  dependencies:
    "@babel/parser" "^7.23.0"
    "@vue/compiler-core" "3.3.8"
    "@vue/compiler-dom" "3.3.8"
    "@vue/compiler-ssr" "3.3.8"
    "@vue/reactivity-transform" "3.3.8"
    "@vue/shared" "3.3.8"
    estree-walker "^2.0.2"
    magic-string "^0.30.5"
    postcss "^8.4.31"
    source-map-js "^1.0.2"

"@vue/compiler-ssr@3.3.8":
  version "3.3.8"
  resolved "https://registry.npmmirror.com/@vue/compiler-ssr/-/compiler-ssr-3.3.8.tgz"
  integrity sha512-hXCqQL/15kMVDBuoBYpUnSYT8doDNwsjvm3jTefnXr+ytn294ySnT8NlsFHmTgKNjwpuFy7XVV8yTeLtNl/P6w==
  dependencies:
    "@vue/compiler-dom" "3.3.8"
    "@vue/shared" "3.3.8"

"@vue/reactivity-transform@3.3.8":
  version "3.3.8"
  resolved "https://registry.npmmirror.com/@vue/reactivity-transform/-/reactivity-transform-3.3.8.tgz"
  integrity sha512-49CvBzmZNtcHua0XJ7GdGifM8GOXoUMOX4dD40Y5DxI3R8OUhMlvf2nvgUAcPxaXiV5MQQ1Nwy09ADpnLQUqRw==
  dependencies:
    "@babel/parser" "^7.23.0"
    "@vue/compiler-core" "3.3.8"
    "@vue/shared" "3.3.8"
    estree-walker "^2.0.2"
    magic-string "^0.30.5"

"@vue/reactivity@3.3.8":
  version "3.3.8"
  resolved "https://registry.npmmirror.com/@vue/reactivity/-/reactivity-3.3.8.tgz"
  integrity sha512-ctLWitmFBu6mtddPyOKpHg8+5ahouoTCRtmAHZAXmolDtuZXfjL2T3OJ6DL6ezBPQB1SmMnpzjiWjCiMYmpIuw==
  dependencies:
    "@vue/shared" "3.3.8"

"@vue/runtime-core@3.3.8":
  version "3.3.8"
  resolved "https://registry.npmmirror.com/@vue/runtime-core/-/runtime-core-3.3.8.tgz"
  integrity sha512-qurzOlb6q26KWQ/8IShHkMDOuJkQnQcTIp1sdP4I9MbCf9FJeGVRXJFr2mF+6bXh/3Zjr9TDgURXrsCr9bfjUw==
  dependencies:
    "@vue/reactivity" "3.3.8"
    "@vue/shared" "3.3.8"

"@vue/runtime-dom@3.3.8":
  version "3.3.8"
  resolved "https://registry.npmmirror.com/@vue/runtime-dom/-/runtime-dom-3.3.8.tgz"
  integrity sha512-Noy5yM5UIf9UeFoowBVgghyGGPIDPy1Qlqt0yVsUdAVbqI8eeMSsTqBtauaEoT2UFXUk5S64aWVNJN4MJ2vRdA==
  dependencies:
    "@vue/runtime-core" "3.3.8"
    "@vue/shared" "3.3.8"
    csstype "^3.1.2"

"@vue/server-renderer@3.3.8":
  version "3.3.8"
  resolved "https://registry.npmmirror.com/@vue/server-renderer/-/server-renderer-3.3.8.tgz"
  integrity sha512-zVCUw7RFskvPuNlPn/8xISbrf0zTWsTSdYTsUTN1ERGGZGVnRxM2QZ3x1OR32+vwkkCm0IW6HmJ49IsPm7ilLg==
  dependencies:
    "@vue/compiler-ssr" "3.3.8"
    "@vue/shared" "3.3.8"

"@vue/shared@3.3.8":
  version "3.3.8"
  resolved "https://registry.npmmirror.com/@vue/shared/-/shared-3.3.8.tgz"
  integrity sha512-8PGwybFwM4x8pcfgqEQFy70NaQxASvOC5DJwLQfpArw1UDfUXrJkdxD3BhVTMS+0Lef/TU7YO0Jvr0jJY8T+mw==

csstype@^3.1.2:
  version "3.1.2"
  resolved "https://registry.npmmirror.com/csstype/-/csstype-3.1.2.tgz"
  integrity sha512-I7K1Uu0MBPzaFKg4nI5Q7Vs2t+3gWWW648spaF+Rg7pI9ds18Ugn+lvg4SHczUdKlHI5LWBXyqfS8+DufyBsgQ==

esbuild-darwin-arm64@0.14.54:
  version "0.14.54"
  resolved "https://registry.npmmirror.com/esbuild-darwin-arm64/-/esbuild-darwin-arm64-0.14.54.tgz"
  integrity sha512-OPafJHD2oUPyvJMrsCvDGkRrVCar5aVyHfWGQzY1dWnzErjrDuSETxwA2HSsyg2jORLY8yBfzc1MIpUkXlctmw==

esbuild@^0.14.27:
  version "0.14.54"
  resolved "https://registry.npmmirror.com/esbuild/-/esbuild-0.14.54.tgz"
  integrity sha512-Cy9llcy8DvET5uznocPyqL3BFRrFXSVqbgpMJ9Wz8oVjZlh/zUSNbPRbov0VX7VxN2JH1Oa0uNxZ7eLRb62pJA==
  optionalDependencies:
    "@esbuild/linux-loong64" "0.14.54"
    esbuild-android-64 "0.14.54"
    esbuild-android-arm64 "0.14.54"
    esbuild-darwin-64 "0.14.54"
    esbuild-darwin-arm64 "0.14.54"
    esbuild-freebsd-64 "0.14.54"
    esbuild-freebsd-arm64 "0.14.54"
    esbuild-linux-32 "0.14.54"
    esbuild-linux-64 "0.14.54"
    esbuild-linux-arm "0.14.54"
    esbuild-linux-arm64 "0.14.54"
    esbuild-linux-mips64le "0.14.54"
    esbuild-linux-ppc64le "0.14.54"
    esbuild-linux-riscv64 "0.14.54"
    esbuild-linux-s390x "0.14.54"
    esbuild-netbsd-64 "0.14.54"
    esbuild-openbsd-64 "0.14.54"
    esbuild-sunos-64 "0.14.54"
    esbuild-windows-32 "0.14.54"
    esbuild-windows-64 "0.14.54"
    esbuild-windows-arm64 "0.14.54"

estree-walker@^2.0.2:
  version "2.0.2"
  resolved "https://registry.npmmirror.com/estree-walker/-/estree-walker-2.0.2.tgz"
  integrity sha512-Rfkk/Mp/DL7JVje3u18FxFujQlTNR2q6QfMSMB7AvCBx91NGj/ba3kCfza0f6dVDbw7YlRf/nDrn7pQrCCyQ/w==

fsevents@~2.3.2:
  version "2.3.3"
  resolved "https://registry.npmmirror.com/fsevents/-/fsevents-2.3.3.tgz"
  integrity sha512-5xoDfX+fL7faATnagmWPpbFtwh/R77WmMMqqHGS65C3vvB0YHrgF+B1YmZ3441tMj5n63k0212XNoJwzlhffQw==

function-bind@^1.1.2:
  version "1.1.2"
  resolved "https://registry.npmmirror.com/function-bind/-/function-bind-1.1.2.tgz"
  integrity sha512-7XHNxH7qX9xG5mIwxkhumTox/MIRNcOgDrxWsMt2pAr23WHp6MrRlN7FBSFpCpr+oVO0F744iUgR82nJMfG2SA==

hasown@^2.0.0:
  version "2.0.0"
  resolved "https://registry.npmmirror.com/hasown/-/hasown-2.0.0.tgz"
  integrity sha512-vUptKVTpIJhcczKBbgnS+RtcuYMB8+oNzPK2/Hp3hanz8JmpATdmmgLgSaadVREkDm+e2giHwY3ZRkyjSIDDFA==
  dependencies:
    function-bind "^1.1.2"

is-core-module@^2.13.0:
  version "2.13.1"
  resolved "https://registry.npmmirror.com/is-core-module/-/is-core-module-2.13.1.tgz"
  integrity sha512-hHrIjvZsftOsvKSn2TRYl63zvxsgE0K+0mYMoH6gD4omR5IWB2KynivBQczo3+wF1cCkjzvptnI9Q0sPU66ilw==
  dependencies:
    hasown "^2.0.0"

magic-string@^0.30.5:
  version "0.30.5"
  resolved "https://registry.npmmirror.com/magic-string/-/magic-string-0.30.5.tgz"
  integrity sha512-7xlpfBaQaP/T6Vh8MO/EqXSW5En6INHEvEXQiuff7Gku0PWjU3uf6w/j9o7O+SpB5fOAkrI5HeoNgwjEO0pFsA==
  dependencies:
    "@jridgewell/sourcemap-codec" "^1.4.15"

nanoid@^3.3.6:
  version "3.3.7"
  resolved "https://registry.npmmirror.com/nanoid/-/nanoid-3.3.7.tgz"
  integrity sha512-eSRppjcPIatRIMC1U6UngP8XFcz8MQWGQdt1MTBQ7NaAmvXDfvNxbvWV3x2y6CdEUciCSsDHDQZbhYaB8QEo2g==

path-parse@^1.0.7:
  version "1.0.7"
  resolved "https://registry.npmmirror.com/path-parse/-/path-parse-1.0.7.tgz"
  integrity sha512-LDJzPVEEEPR+y48z93A0Ed0yXb8pAByGWo/k5YYdYgpY2/2EsOsksJrq7lOHxryrVOn1ejG6oAp8ahvOIQD8sw==

picocolors@^1.0.0:
  version "1.0.0"
  resolved "https://registry.npmmirror.com/picocolors/-/picocolors-1.0.0.tgz"
  integrity sha512-1fygroTLlHu66zi26VoTDv8yRgm0Fccecssto+MhsZ0D/DGW2sm8E8AjW7NU5VVTRt5GxbeZ5qBuJr+HyLYkjQ==

postcss@^8.4.13, postcss@^8.4.31:
  version "8.4.31"
  resolved "https://registry.npmmirror.com/postcss/-/postcss-8.4.31.tgz"
  integrity sha512-PS08Iboia9mts/2ygV3eLpY5ghnUcfLV/EXTOW1E2qYxJKGGBUtNjN76FYHnMs36RmARn41bC0AZmn+rR0OVpQ==
  dependencies:
    nanoid "^3.3.6"
    picocolors "^1.0.0"
    source-map-js "^1.0.2"

resolve@^1.22.0:
  version "1.22.8"
  resolved "https://registry.npmmirror.com/resolve/-/resolve-1.22.8.tgz"
  integrity sha512-oKWePCxqpd6FlLvGV1VU0x7bkPmmCNolxzjMf4NczoDnQcIWrAF+cPtZn5i6n+RfD2d9i0tzpKnG6Yk168yIyw==
  dependencies:
    is-core-module "^2.13.0"
    path-parse "^1.0.7"
    supports-preserve-symlinks-flag "^1.0.0"

"rollup@>=2.59.0 <2.78.0":
  version "2.77.3"
  resolved "https://registry.npmmirror.com/rollup/-/rollup-2.77.3.tgz"
  integrity sha512-/qxNTG7FbmefJWoeeYJFbHehJ2HNWnjkAFRKzWN/45eNBBF/r8lo992CwcJXEzyVxs5FmfId+vTSTQDb+bxA+g==
  optionalDependencies:
    fsevents "~2.3.2"

source-map-js@^1.0.2:
  version "1.0.2"
  resolved "https://registry.npmmirror.com/source-map-js/-/source-map-js-1.0.2.tgz"
  integrity sha512-R0XvVJ9WusLiqTCEiGCmICCMplcCkIwwR11mOSD9CR5u+IXYdiseeEuXCVAjS54zqwkLcPNnmU4OeJ6tUrWhDw==

supports-preserve-symlinks-flag@^1.0.0:
  version "1.0.0"
  resolved "https://registry.npmmirror.com/supports-preserve-symlinks-flag/-/supports-preserve-symlinks-flag-1.0.0.tgz"
  integrity sha512-ot0WnXS9fgdkgIcePe6RHNk1WA8+muPa6cSjeR3V8K27q9BB1rTE3R1p7Hv0z1ZyAc8s6Vvv8DIyWf681MAt0w==

three@0.112.1:
  version "0.112.1"
  resolved "https://registry.npmmirror.com/three/-/three-0.112.1.tgz"
  integrity sha512-8I0O74hiYtKl3LgDNcPJbBGOlpekbcJ6fJnImmW3mFdeUFJ2H9Y3/UuUSW2sBdjrIlCM0gvOkaTEFlofO900TQ==

vite@^2.5.10, vite@^2.8.0:
  version "2.9.16"
  resolved "https://registry.npmmirror.com/vite/-/vite-2.9.16.tgz"
  integrity sha512-X+6q8KPyeuBvTQV8AVSnKDvXoBMnTx8zxh54sOwmmuOdxkjMmEJXH2UEchA+vTMps1xw9vL64uwJOWryULg7nA==
  dependencies:
    esbuild "^0.14.27"
    postcss "^8.4.13"
    resolve "^1.22.0"
    rollup ">=2.59.0 <2.78.0"
  optionalDependencies:
    fsevents "~2.3.2"

vue@^3.2.25, vue@3.3.8:
  version "3.3.8"
  resolved "https://registry.npmmirror.com/vue/-/vue-3.3.8.tgz"
  integrity sha512-5VSX/3DabBikOXMsxzlW8JyfeLKlG9mzqnWgLQLty88vdZL7ZJgrdgBOmrArwxiLtmS+lNNpPcBYqrhE6TQW5w==
  dependencies:
    "@vue/compiler-dom" "3.3.8"
    "@vue/compiler-sfc" "3.3.8"
    "@vue/runtime-dom" "3.3.8"
    "@vue/server-renderer" "3.3.8"
    "@vue/shared" "3.3.8"
